
Microsoft Visual Studio Solution File, Format Version 11.00
# Visual Studio 2010
Project("{8BC9CEB8-8B4A-11D0-8D11-00A0C91BC942}") = "fake_craft", "fake_craft\fake_craft.vcxproj", "{B708B17A-72AA-487A-BE73-16BC80B3DEEA}"
EndProject
Global
	GlobalSection(SolutionConfigurationPlatforms) = preSolution
		Debug|Win32 = Debug|Win32
		Release|Win32 = Release|Win32
	EndGlobalSection
	GlobalSection(ProjectConfigurationPlatforms) = postSolution
		{B708B17A-72AA-487A-BE73-16BC80B3DEEA}.Debug|Win32.ActiveCfg = Debug|Win32
		{B708B17A-72AA-487A-BE73-16BC80B3DEEA}.Debug|Win32.Build.0 = Debug|Win32
		{B708B17A-72AA-487A-BE73-16BC80B3DEEA}.Release|Win32.ActiveCfg = Release|Win32
		{B708B17A-72AA-487A-BE73-16BC80B3DEEA}.Release|Win32.Build.0 = Release|Win32
	EndGlobalSection
	GlobalSection(SolutionProperties) = preSolution
		HideSolutionNode = FALSE
	EndGlobalSection
EndGlobal
